{
    "_readme": [
        "This file locks the dependencies of your project to a known state",
        "Read more about it at https://getcomposer.org/doc/01-basic-usage.md#installing-dependencies",
        "This file is @generated automatically"
    ],
    "content-hash": "005f1459749c48598a42f008eec67c86",
    "packages": [
        {
            "name": "kint-php/kint",
            "version": "5.1.1",
            "source": {
                "type": "git",
                "url": "https://github.com/kint-php/kint.git",
                "reference": "8c5ec370c3382ceae0b88e91f9bbb00e6bb4f93b"
            },
            "dist": {
                "type": "zip",
                "url": "https://api.github.com/repos/kint-php/kint/zipball/8c5ec370c3382ceae0b88e91f9bbb00e6bb4f93b",
                "reference": "8c5ec370c3382ceae0b88e91f9bbb00e6bb4f93b",
                "shasum": ""
            },
            "require": {
                "php": ">=7.1"
            },
            "require-dev": {
                "friendsofphp/php-cs-fixer": "^3",
                "phpspec/prophecy-phpunit": "^2",
                "phpunit/phpunit": "^9",
                "seld/phar-utils": "^1",
                "symfony/finder": ">=4.0",
                "vimeo/psalm": "^5"
            },
            "suggest": {
                "kint-php/kint-helpers": "Provides extra helper functions",
                "kint-php/kint-twig": "Provides d() and s() functions in twig templates"
            },
            "type": "library",
            "autoload": {
                "files": [
                    "init.php"
                ],
                "psr-4": {
                    "Kint\\": "src/"
                }
            },
            "notification-url": "https://packagist.org/downloads/",
            "license": [
                "MIT"
            ],
            "authors": [
                {
                    "name": "Jonathan Vollebregt",
                    "homepage": "https://github.com/jnvsor"
                },
                {
                    "name": "Contributors",
                    "homepage": "https://github.com/kint-php/kint/graphs/contributors"
                }
            ],
            "description": "Kint - debugging tool for PHP developers",
            "homepage": "https://kint-php.github.io/kint/",
            "keywords": [
                "debug",
                "kint",
                "php"
            ],
            "support": {
                "issues": "https://github.com/kint-php/kint/issues",
                "source": "https://github.com/kint-php/kint/tree/5.1.1"
            },
            "time": "2024-04-26T14:20:09+00:00"
        },
        {
            "name": "pocketarc/codeigniter",
            "version": "3.2.1",
            "source": {
                "type": "git",
                "url": "https://github.com/pocketarc/codeigniter.git",
                "reference": "d264c2d906626580c6644ab0083cce53dee58cea"
            },
            "dist": {
                "type": "zip",
                "url": "https://api.github.com/repos/pocketarc/codeigniter/zipball/d264c2d906626580c6644ab0083cce53dee58cea",
                "reference": "d264c2d906626580c6644ab0083cce53dee58cea",
                "shasum": ""
            },
            "require": {
                "php": ">=5.4.8"
            },
            "require-dev": {
                "mikey179/vfsstream": "1.6.*",
                "phpunit/phpunit": "4.* || 5.* || 9.*"
            },
            "suggest": {
                "paragonie/random_compat": "Provides better randomness in PHP 5.x"
            },
            "type": "project",
            "notification-url": "https://packagist.org/downloads/",
            "license": [
                "MIT"
            ],
            "description": "The CodeIgniter framework",
            "homepage": "https://github.com/pocketarc/codeigniter",
            "support": {
                "issues": "https://github.com/pocketarc/codeigniter/issues",
                "source": "https://github.com/pocketarc/codeigniter"
            },
            "time": "2024-02-25T06:56:21+00:00"
        }
    ],
    "packages-dev": [],
    "aliases": [],
    "minimum-stability": "stable",
    "stability-flags": [],
    "prefer-stable": false,
    "prefer-lowest": false,
    "platform": [],
    "platform-dev": [],
    "plugin-api-version": "2.6.0"
}
